
Microsoft Visual Studio Solution File, Format Version 12.00
# Visual Studio Version 17
VisualStudioVersion = 17.9.34728.123
MinimumVisualStudioVersion = 10.0.40219.1
Project("{FAE04EC0-301F-11D3-BF4B-00C04F79EFBC}") = "BankovniRacun.Console", "BankovniRacun.Console\BankovniRacun.Console.csproj", "{05FF62DF-EBD9-419C-B739-097EE85DC73A}"
EndProject
Global
	GlobalSection(SolutionConfigurationPlatforms) = preSolution
		Debug|Any CPU = Debug|Any CPU
		Release|Any CPU = Release|Any CPU
	EndGlobalSection
	GlobalSection(ProjectConfigurationPlatforms) = postSolution
		{05FF62DF-EBD9-419C-B739-097EE85DC73A}.Debug|Any CPU.ActiveCfg = Debug|Any CPU
		{05FF62DF-EBD9-419C-B739-097EE85DC73A}.Debug|Any CPU.Build.0 = Debug|Any CPU
		{05FF62DF-EBD9-419C-B739-097EE85DC73A}.Release|Any CPU.ActiveCfg = Release|Any CPU
		{05FF62DF-EBD9-419C-B739-097EE85DC73A}.Release|Any CPU.Build.0 = Release|Any CPU
	EndGlobalSection
	GlobalSection(SolutionProperties) = preSolution
		HideSolutionNode = FALSE
	EndGlobalSection
	GlobalSection(ExtensibilityGlobals) = postSolution
		SolutionGuid = {C6598392-58FF-4295-9768-418A818995AB}
	EndGlobalSection
EndGlobal
